
Microsoft Visual Studio Solution File, Format Version 12.00
# Visual Studio Version 17
VisualStudioVersion = 17.1.32210.238
MinimumVisualStudioVersion = 10.0.40219.1
Project("{8BC9CEB8-8B4A-11D0-8D11-00A0C91BC942}") = "Project1", "Project1\Project1.vcxproj", "{9678B91A-25DD-469E-8171-7C956B2A1DF1}"
EndProject
Project("{8BC9CEB8-8B4A-11D0-8D11-00A0C91BC942}") = "ConsoleApplication1", "ConsoleApplication1\ConsoleApplication1.vcxproj", "{E2279EAF-105E-4902-9A25-586DFC7D804F}"
EndProject
Project("{FAE04EC0-301F-11D3-BF4B-00C04F79EFBC}") = "ConsoleApp1", "ConsoleApp1\ConsoleApp1.csproj", "{95E61E47-0054-4CE7-95B5-98709341A416}"
EndProject
Project("{FAE04EC0-301F-11D3-BF4B-00C04F79EFBC}") = "ConsoleAppTestColor", "ConsoleAppTestColor\ConsoleAppTestColor.csproj", "{54F1D2CC-C636-449B-A772-04EE7E909ABA}"
EndProject
Project("{FAE04EC0-301F-11D3-BF4B-00C04F79EFBC}") = "ConsoleAppTC", "ConsoleAppTC\ConsoleAppTC.csproj", "{2A2E2225-B6EB-4DDD-B183-0163E7AC8C56}"
EndProject
Global
	GlobalSection(SolutionConfigurationPlatforms) = preSolution
		Debug|Any CPU = Debug|Any CPU
		Debug|x64 = Debug|x64
		Debug|x86 = Debug|x86
		Release|Any CPU = Release|Any CPU
		Release|x64 = Release|x64
		Release|x86 = Release|x86
	EndGlobalSection
	GlobalSection(ProjectConfigurationPlatforms) = postSolution
		{9678B91A-25DD-469E-8171-7C956B2A1DF1}.Debug|Any CPU.ActiveCfg = Debug|x64
		{9678B91A-25DD-469E-8171-7C956B2A1DF1}.Debug|Any CPU.Build.0 = Debug|x64
		{9678B91A-25DD-469E-8171-7C956B2A1DF1}.Debug|x64.ActiveCfg = Debug|x64
		{9678B91A-25DD-469E-8171-7C956B2A1DF1}.Debug|x64.Build.0 = Debug|x64
		{9678B91A-25DD-469E-8171-7C956B2A1DF1}.Debug|x86.ActiveCfg = Debug|Win32
		{9678B91A-25DD-469E-8171-7C956B2A1DF1}.Debug|x86.Build.0 = Debug|Win32
		{9678B91A-25DD-469E-8171-7C956B2A1DF1}.Release|Any CPU.ActiveCfg = Release|x64
		{9678B91A-25DD-469E-8171-7C956B2A1DF1}.Release|Any CPU.Build.0 = Release|x64
		{9678B91A-25DD-469E-8171-7C956B2A1DF1}.Release|x64.ActiveCfg = Release|x64
		{9678B91A-25DD-469E-8171-7C956B2A1DF1}.Release|x64.Build.0 = Release|x64
		{9678B91A-25DD-469E-8171-7C956B2A1DF1}.Release|x86.ActiveCfg = Release|Win32
		{9678B91A-25DD-469E-8171-7C956B2A1DF1}.Release|x86.Build.0 = Release|Win32
		{E2279EAF-105E-4902-9A25-586DFC7D804F}.Debug|Any CPU.ActiveCfg = Debug|x64
		{E2279EAF-105E-4902-9A25-586DFC7D804F}.Debug|Any CPU.Build.0 = Debug|x64
		{E2279EAF-105E-4902-9A25-586DFC7D804F}.Debug|x64.ActiveCfg = Debug|x64
		{E2279EAF-105E-4902-9A25-586DFC7D804F}.Debug|x64.Build.0 = Debug|x64
		{E2279EAF-105E-4902-9A25-586DFC7D804F}.Debug|x86.ActiveCfg = Debug|Win32
		{E2279EAF-105E-4902-9A25-586DFC7D804F}.Debug|x86.Build.0 = Debug|Win32
		{E2279EAF-105E-4902-9A25-586DFC7D804F}.Release|Any CPU.ActiveCfg = Release|x64
		{E2279EAF-105E-4902-9A25-586DFC7D804F}.Release|Any CPU.Build.0 = Release|x64
		{E2279EAF-105E-4902-9A25-586DFC7D804F}.Release|x64.ActiveCfg = Release|x64
		{E2279EAF-105E-4902-9A25-586DFC7D804F}.Release|x64.Build.0 = Release|x64
		{E2279EAF-105E-4902-9A25-586DFC7D804F}.Release|x86.ActiveCfg = Release|Win32
		{E2279EAF-105E-4902-9A25-586DFC7D804F}.Release|x86.Build.0 = Release|Win32
		{95E61E47-0054-4CE7-95B5-98709341A416}.Debug|Any CPU.ActiveCfg = Debug|Any CPU
		{95E61E47-0054-4CE7-95B5-98709341A416}.Debug|Any CPU.Build.0 = Debug|Any CPU
		{95E61E47-0054-4CE7-95B5-98709341A416}.Debug|x64.ActiveCfg = Debug|Any CPU
		{95E61E47-0054-4CE7-95B5-98709341A416}.Debug|x64.Build.0 = Debug|Any CPU
		{95E61E47-0054-4CE7-95B5-98709341A416}.Debug|x86.ActiveCfg = Debug|Any CPU
		{95E61E47-0054-4CE7-95B5-98709341A416}.Debug|x86.Build.0 = Debug|Any CPU
		{95E61E47-0054-4CE7-95B5-98709341A416}.Release|Any CPU.ActiveCfg = Release|Any CPU
		{95E61E47-0054-4CE7-95B5-98709341A416}.Release|Any CPU.Build.0 = Release|Any CPU
		{95E61E47-0054-4CE7-95B5-98709341A416}.Release|x64.ActiveCfg = Release|Any CPU
		{95E61E47-0054-4CE7-95B5-98709341A416}.Release|x64.Build.0 = Release|Any CPU
		{95E61E47-0054-4CE7-95B5-98709341A416}.Release|x86.ActiveCfg = Release|Any CPU
		{95E61E47-0054-4CE7-95B5-98709341A416}.Release|x86.Build.0 = Release|Any CPU
		{54F1D2CC-C636-449B-A772-04EE7E909ABA}.Debug|Any CPU.ActiveCfg = Debug|Any CPU
		{54F1D2CC-C636-449B-A772-04EE7E909ABA}.Debug|Any CPU.Build.0 = Debug|Any CPU
		{54F1D2CC-C636-449B-A772-04EE7E909ABA}.Debug|x64.ActiveCfg = Debug|Any CPU
		{54F1D2CC-C636-449B-A772-04EE7E909ABA}.Debug|x64.Build.0 = Debug|Any CPU
		{54F1D2CC-C636-449B-A772-04EE7E909ABA}.Debug|x86.ActiveCfg = Debug|Any CPU
		{54F1D2CC-C636-449B-A772-04EE7E909ABA}.Debug|x86.Build.0 = Debug|Any CPU
		{54F1D2CC-C636-449B-A772-04EE7E909ABA}.Release|Any CPU.ActiveCfg = Release|Any CPU
		{54F1D2CC-C636-449B-A772-04EE7E909ABA}.Release|Any CPU.Build.0 = Release|Any CPU
		{54F1D2CC-C636-449B-A772-04EE7E909ABA}.Release|x64.ActiveCfg = Release|Any CPU
		{54F1D2CC-C636-449B-A772-04EE7E909ABA}.Release|x64.Build.0 = Release|Any CPU
		{54F1D2CC-C636-449B-A772-04EE7E909ABA}.Release|x86.ActiveCfg = Release|Any CPU
		{54F1D2CC-C636-449B-A772-04EE7E909ABA}.Release|x86.Build.0 = Release|Any CPU
		{2A2E2225-B6EB-4DDD-B183-0163E7AC8C56}.Debug|Any CPU.ActiveCfg = Debug|Any CPU
		{2A2E2225-B6EB-4DDD-B183-0163E7AC8C56}.Debug|Any CPU.Build.0 = Debug|Any CPU
		{2A2E2225-B6EB-4DDD-B183-0163E7AC8C56}.Debug|x64.ActiveCfg = Debug|Any CPU
		{2A2E2225-B6EB-4DDD-B183-0163E7AC8C56}.Debug|x64.Build.0 = Debug|Any CPU
		{2A2E2225-B6EB-4DDD-B183-0163E7AC8C56}.Debug|x86.ActiveCfg = Debug|Any CPU
		{2A2E2225-B6EB-4DDD-B183-0163E7AC8C56}.Debug|x86.Build.0 = Debug|Any CPU
		{2A2E2225-B6EB-4DDD-B183-0163E7AC8C56}.Release|Any CPU.ActiveCfg = Release|Any CPU
		{2A2E2225-B6EB-4DDD-B183-0163E7AC8C56}.Release|Any CPU.Build.0 = Release|Any CPU
		{2A2E2225-B6EB-4DDD-B183-0163E7AC8C56}.Release|x64.ActiveCfg = Release|Any CPU
		{2A2E2225-B6EB-4DDD-B183-0163E7AC8C56}.Release|x64.Build.0 = Release|Any CPU
		{2A2E2225-B6EB-4DDD-B183-0163E7AC8C56}.Release|x86.ActiveCfg = Release|Any CPU
		{2A2E2225-B6EB-4DDD-B183-0163E7AC8C56}.Release|x86.Build.0 = Release|Any CPU
	EndGlobalSection
	GlobalSection(SolutionProperties) = preSolution
		HideSolutionNode = FALSE
	EndGlobalSection
	GlobalSection(ExtensibilityGlobals) = postSolution
		SolutionGuid = {F50B2F7E-E211-4FCE-A63D-35E3B08BED13}
	EndGlobalSection
EndGlobal
